
Microsoft Visual Studio Solution File, Format Version 12.00
# Visual Studio 15
Project("{FAE04EC0-301F-11D3-BF4B-00C04F79EFBC}") = "AltTester.AltTesterUnitySDK.Driver", "AltTester.AltTesterUnitySDK.Driver.csproj", "{A316A934-DB77-8179-0A32-10D317630BCF}"
EndProject
Project("{FAE04EC0-301F-11D3-BF4B-00C04F79EFBC}") = "AltTester.AltTesterUnitySDK", "AltTester.AltTesterUnitySDK.csproj", "{C64E5F1C-73F5-55BA-6505-1EEAF44DFCE7}"
EndProject
Project("{FAE04EC0-301F-11D3-BF4B-00C04F79EFBC}") = "Tests", "Tests.csproj", "{483AA622-DACB-1398-60FA-451599492518}"
EndProject
Project("{FAE04EC0-301F-11D3-BF4B-00C04F79EFBC}") = "AltTester.AltTesterUnitySDK.Editor", "AltTester.AltTesterUnitySDK.Editor.csproj", "{F3824899-8032-D17A-D25B-AFD820F0E19E}"
EndProject
Project("{FAE04EC0-301F-11D3-BF4B-00C04F79EFBC}") = "SciptsAssembly", "SciptsAssembly.csproj", "{3AE64AA2-4A2B-8D16-BDB7-C728F0EE8277}"
EndProject
Global
	GlobalSection(SolutionConfigurationPlatforms) = preSolution
		Debug|Any CPU = Debug|Any CPU
		Release|Any CPU = Release|Any CPU
	EndGlobalSection
	GlobalSection(ProjectConfigurationPlatforms) = postSolution
		{A316A934-DB77-8179-0A32-10D317630BCF}.Debug|Any CPU.ActiveCfg = Debug|Any CPU
		{A316A934-DB77-8179-0A32-10D317630BCF}.Debug|Any CPU.Build.0 = Debug|Any CPU
		{A316A934-DB77-8179-0A32-10D317630BCF}.Release|Any CPU.ActiveCfg = Release|Any CPU
		{A316A934-DB77-8179-0A32-10D317630BCF}.Release|Any CPU.Build.0 = Release|Any CPU
		{C64E5F1C-73F5-55BA-6505-1EEAF44DFCE7}.Debug|Any CPU.ActiveCfg = Debug|Any CPU
		{C64E5F1C-73F5-55BA-6505-1EEAF44DFCE7}.Debug|Any CPU.Build.0 = Debug|Any CPU
		{C64E5F1C-73F5-55BA-6505-1EEAF44DFCE7}.Release|Any CPU.ActiveCfg = Release|Any CPU
		{C64E5F1C-73F5-55BA-6505-1EEAF44DFCE7}.Release|Any CPU.Build.0 = Release|Any CPU
		{483AA622-DACB-1398-60FA-451599492518}.Debug|Any CPU.ActiveCfg = Debug|Any CPU
		{483AA622-DACB-1398-60FA-451599492518}.Debug|Any CPU.Build.0 = Debug|Any CPU
		{483AA622-DACB-1398-60FA-451599492518}.Release|Any CPU.ActiveCfg = Release|Any CPU
		{483AA622-DACB-1398-60FA-451599492518}.Release|Any CPU.Build.0 = Release|Any CPU
		{F3824899-8032-D17A-D25B-AFD820F0E19E}.Debug|Any CPU.ActiveCfg = Debug|Any CPU
		{F3824899-8032-D17A-D25B-AFD820F0E19E}.Debug|Any CPU.Build.0 = Debug|Any CPU
		{F3824899-8032-D17A-D25B-AFD820F0E19E}.Release|Any CPU.ActiveCfg = Release|Any CPU
		{F3824899-8032-D17A-D25B-AFD820F0E19E}.Release|Any CPU.Build.0 = Release|Any CPU
		{3AE64AA2-4A2B-8D16-BDB7-C728F0EE8277}.Debug|Any CPU.ActiveCfg = Debug|Any CPU
		{3AE64AA2-4A2B-8D16-BDB7-C728F0EE8277}.Debug|Any CPU.Build.0 = Debug|Any CPU
		{3AE64AA2-4A2B-8D16-BDB7-C728F0EE8277}.Release|Any CPU.ActiveCfg = Release|Any CPU
		{3AE64AA2-4A2B-8D16-BDB7-C728F0EE8277}.Release|Any CPU.Build.0 = Release|Any CPU
	EndGlobalSection
	GlobalSection(SolutionProperties) = preSolution
		HideSolutionNode = FALSE
	EndGlobalSection
EndGlobal
