
Microsoft Visual Studio Solution File, Format Version 12.00
# Visual Studio 15
Project("{FAE04EC0-301F-11D3-BF4B-00C04F79EFBC}") = "AltTester.AltTesterUnitySDK.Driver", "AltTester.AltTesterUnitySDK.Driver.csproj", "{5D91FCBC-CCE7-7966-3762-E3FAA72882E0}"
EndProject
Project("{FAE04EC0-301F-11D3-BF4B-00C04F79EFBC}") = "AltTester.AltTesterUnitySDK", "AltTester.AltTesterUnitySDK.csproj", "{8A7C9737-9D2D-6C72-55AA-401635082F45}"
EndProject
Project("{FAE04EC0-301F-11D3-BF4B-00C04F79EFBC}") = "AltTester.AltTesterUnitySDK.Editor", "AltTester.AltTesterUnitySDK.Editor.csproj", "{1A490E64-ABDF-6A61-C88B-AA364B88A128}"
EndProject
Project("{FAE04EC0-301F-11D3-BF4B-00C04F79EFBC}") = "Tests", "Tests.csproj", "{AC0A4AC8-7A8F-6194-05B4-37CAB70D091A}"
EndProject
Project("{FAE04EC0-301F-11D3-BF4B-00C04F79EFBC}") = "Assembly-CSharp", "Assembly-CSharp.csproj", "{F5593E1A-BE18-7868-DEFE-A4354997C3B5}"
EndProject
Global
	GlobalSection(SolutionConfigurationPlatforms) = preSolution
		Debug|Any CPU = Debug|Any CPU
		Release|Any CPU = Release|Any CPU
	EndGlobalSection
	GlobalSection(ProjectConfigurationPlatforms) = postSolution
		{5D91FCBC-CCE7-7966-3762-E3FAA72882E0}.Debug|Any CPU.ActiveCfg = Debug|Any CPU
		{5D91FCBC-CCE7-7966-3762-E3FAA72882E0}.Debug|Any CPU.Build.0 = Debug|Any CPU
		{5D91FCBC-CCE7-7966-3762-E3FAA72882E0}.Release|Any CPU.ActiveCfg = Release|Any CPU
		{5D91FCBC-CCE7-7966-3762-E3FAA72882E0}.Release|Any CPU.Build.0 = Release|Any CPU
		{8A7C9737-9D2D-6C72-55AA-401635082F45}.Debug|Any CPU.ActiveCfg = Debug|Any CPU
		{8A7C9737-9D2D-6C72-55AA-401635082F45}.Debug|Any CPU.Build.0 = Debug|Any CPU
		{8A7C9737-9D2D-6C72-55AA-401635082F45}.Release|Any CPU.ActiveCfg = Release|Any CPU
		{8A7C9737-9D2D-6C72-55AA-401635082F45}.Release|Any CPU.Build.0 = Release|Any CPU
		{1A490E64-ABDF-6A61-C88B-AA364B88A128}.Debug|Any CPU.ActiveCfg = Debug|Any CPU
		{1A490E64-ABDF-6A61-C88B-AA364B88A128}.Debug|Any CPU.Build.0 = Debug|Any CPU
		{1A490E64-ABDF-6A61-C88B-AA364B88A128}.Release|Any CPU.ActiveCfg = Release|Any CPU
		{1A490E64-ABDF-6A61-C88B-AA364B88A128}.Release|Any CPU.Build.0 = Release|Any CPU
		{AC0A4AC8-7A8F-6194-05B4-37CAB70D091A}.Debug|Any CPU.ActiveCfg = Debug|Any CPU
		{AC0A4AC8-7A8F-6194-05B4-37CAB70D091A}.Debug|Any CPU.Build.0 = Debug|Any CPU
		{AC0A4AC8-7A8F-6194-05B4-37CAB70D091A}.Release|Any CPU.ActiveCfg = Release|Any CPU
		{AC0A4AC8-7A8F-6194-05B4-37CAB70D091A}.Release|Any CPU.Build.0 = Release|Any CPU
		{F5593E1A-BE18-7868-DEFE-A4354997C3B5}.Debug|Any CPU.ActiveCfg = Debug|Any CPU
		{F5593E1A-BE18-7868-DEFE-A4354997C3B5}.Debug|Any CPU.Build.0 = Debug|Any CPU
		{F5593E1A-BE18-7868-DEFE-A4354997C3B5}.Release|Any CPU.ActiveCfg = Release|Any CPU
		{F5593E1A-BE18-7868-DEFE-A4354997C3B5}.Release|Any CPU.Build.0 = Release|Any CPU
	EndGlobalSection
	GlobalSection(SolutionProperties) = preSolution
		HideSolutionNode = FALSE
	EndGlobalSection
EndGlobal
